// !$*UTF8*$!
{
	archiveVersion = 1;
	classes = {
	};
	objectVersion = 56;
	objects = {

/* Begin PBXBuildFile section */
		0988F5652B8EF1740036EC14 /* AppDelegate.swift in Sources */ = {isa = PBXBuildFile; fileRef = 0988F5642B8EF1740036EC14 /* AppDelegate.swift */; };
		0988F5672B8EF1740036EC14 /* SceneDelegate.swift in Sources */ = {isa = PBXBuildFile; fileRef = 0988F5662B8EF1740036EC14 /* SceneDelegate.swift */; };
		0988F5692B8EF1740036EC14 /* ViewController.swift in Sources */ = {isa = PBXBuildFile; fileRef = 0988F5682B8EF1740036EC14 /* ViewController.swift */; };
		0988F56C2B8EF1740036EC14 /* Main.storyboard in Resources */ = {isa = PBXBuildFile; fileRef = 0988F56A2B8EF1740036EC14 /* Main.storyboard */; };
		0988F56E2B8EF1750036EC14 /* Assets.xcassets in Resources */ = {isa = PBXBuildFile; fileRef = 0988F56D2B8EF1750036EC14 /* Assets.xcassets */; };
		0988F5712B8EF1750036EC14 /* LaunchScreen.storyboard in Resources */ = {isa = PBXBuildFile; fileRef = 0988F56F2B8EF1750036EC14 /* LaunchScreen.storyboard */; };
		0988F5792B8EF2050036EC14 /* demo in Resources */ = {isa = PBXBuildFile; fileRef = 0988F5782B8EF2050036EC14 /* demo */; };
		0988F57C2B8EF4AA0036EC14 /* MetaDatas.swift in Sources */ = {isa = PBXBuildFile; fileRef = 0988F57B2B8EF4AA0036EC14 /* MetaDatas.swift */; };
		A8776782A9B49E1D7BDD8AB8 /* Pods_CommonFunction.framework in Frameworks */ = {isa = PBXBuildFile; fileRef = 349029D5F33EFFBDDBC7F21D /* Pods_CommonFunction.framework */; };
/* End PBXBuildFile section */

/* Begin PBXFileReference section */
		0988F5612B8EF1740036EC14 /* CommonFunction.app */ = {isa = PBXFileReference; explicitFileType = wrapper.application; includeInIndex = 0; path = CommonFunction.app; sourceTree = BUILT_PRODUCTS_DIR; };
		0988F5642B8EF1740036EC14 /* AppDelegate.swift */ = {isa = PBXFileReference; lastKnownFileType = sourcecode.swift; path = AppDelegate.swift; sourceTree = "<group>"; };
		0988F5662B8EF1740036EC14 /* SceneDelegate.swift */ = {isa = PBXFileReference; lastKnownFileType = sourcecode.swift; path = SceneDelegate.swift; sourceTree = "<group>"; };
		0988F5682B8EF1740036EC14 /* ViewController.swift */ = {isa = PBXFileReference; lastKnownFileType = sourcecode.swift; path = ViewController.swift; sourceTree = "<group>"; };
		0988F56B2B8EF1740036EC14 /* Base */ = {isa = PBXFileReference; lastKnownFileType = file.storyboard; name = Base; path = Base.lproj/Main.storyboard; sourceTree = "<group>"; };
		0988F56D2B8EF1750036EC14 /* Assets.xcassets */ = {isa = PBXFileReference; lastKnownFileType = folder.assetcatalog; path = Assets.xcassets; sourceTree = "<group>"; };
		0988F5702B8EF1750036EC14 /* Base */ = {isa = PBXFileReference; lastKnownFileType = file.storyboard; name = Base; path = Base.lproj/LaunchScreen.storyboard; sourceTree = "<group>"; };
		0988F5722B8EF1750036EC14 /* Info.plist */ = {isa = PBXFileReference; lastKnownFileType = text.plist.xml; path = Info.plist; sourceTree = "<group>"; };
		0988F5782B8EF2050036EC14 /* demo */ = {isa = PBXFileReference; lastKnownFileType = folder; path = demo; sourceTree = "<group>"; };
		0988F57B2B8EF4AA0036EC14 /* MetaDatas.swift */ = {isa = PBXFileReference; lastKnownFileType = sourcecode.swift; path = MetaDatas.swift; sourceTree = "<group>"; };
		349029D5F33EFFBDDBC7F21D /* Pods_CommonFunction.framework */ = {isa = PBXFileReference; explicitFileType = wrapper.framework; includeInIndex = 0; path = Pods_CommonFunction.framework; sourceTree = BUILT_PRODUCTS_DIR; };
		90A8270B08D7EADDB02BA33C /* Pods-CommonFunction.release.xcconfig */ = {isa = PBXFileReference; includeInIndex = 1; lastKnownFileType = text.xcconfig; name = "Pods-CommonFunction.release.xcconfig"; path = "Target Support Files/Pods-CommonFunction/Pods-CommonFunction.release.xcconfig"; sourceTree = "<group>"; };
		CE23FCDC72EC9C67C5D5B335 /* Pods-CommonFunction.debug.xcconfig */ = {isa = PBXFileReference; includeInIndex = 1; lastKnownFileType = text.xcconfig; name = "Pods-CommonFunction.debug.xcconfig"; path = "Target Support Files/Pods-CommonFunction/Pods-CommonFunction.debug.xcconfig"; sourceTree = "<group>"; };
/* End PBXFileReference section */

/* Begin PBXFrameworksBuildPhase section */
		0988F55E2B8EF1740036EC14 /* Frameworks */ = {
			isa = PBXFrameworksBuildPhase;
			buildActionMask = 2147483647;
			files = (
				A8776782A9B49E1D7BDD8AB8 /* Pods_CommonFunction.framework in Frameworks */,
			);
			runOnlyForDeploymentPostprocessing = 0;
		};
/* End PBXFrameworksBuildPhase section */

/* Begin PBXGroup section */
		0988F5582B8EF1740036EC14 = {
			isa = PBXGroup;
			children = (
				0988F5632B8EF1740036EC14 /* CommonFunction */,
				0988F5622B8EF1740036EC14 /* Products */,
				3182AEC23C61F1F939DFA925 /* Pods */,
				F4D766483700C603D5D84B4E /* Frameworks */,
			);
			sourceTree = "<group>";
		};
		0988F5622B8EF1740036EC14 /* Products */ = {
			isa = PBXGroup;
			children = (
				0988F5612B8EF1740036EC14 /* CommonFunction.app */,
			);
			name = Products;
			sourceTree = "<group>";
		};
		0988F5632B8EF1740036EC14 /* CommonFunction */ = {
			isa = PBXGroup;
			children = (
				0988F5782B8EF2050036EC14 /* demo */,
				0988F57A2B8EF4930036EC14 /* Common */,
				0988F5642B8EF1740036EC14 /* AppDelegate.swift */,
				0988F5662B8EF1740036EC14 /* SceneDelegate.swift */,
				0988F5682B8EF1740036EC14 /* ViewController.swift */,
				0988F56A2B8EF1740036EC14 /* Main.storyboard */,
				0988F56D2B8EF1750036EC14 /* Assets.xcassets */,
				0988F56F2B8EF1750036EC14 /* LaunchScreen.storyboard */,
				0988F5722B8EF1750036EC14 /* Info.plist */,
			);
			path = CommonFunction;
			sourceTree = "<group>";
		};
		0988F57A2B8EF4930036EC14 /* Common */ = {
			isa = PBXGroup;
			children = (
				0988F57B2B8EF4AA0036EC14 /* MetaDatas.swift */,
			);
			path = Common;
			sourceTree = "<group>";
		};
		3182AEC23C61F1F939DFA925 /* Pods */ = {
			isa = PBXGroup;
			children = (
				CE23FCDC72EC9C67C5D5B335 /* Pods-CommonFunction.debug.xcconfig */,
				90A8270B08D7EADDB02BA33C /* Pods-CommonFunction.release.xcconfig */,
			);
			path = Pods;
			sourceTree = "<group>";
		};
		F4D766483700C603D5D84B4E /* Frameworks */ = {
			isa = PBXGroup;
			children = (
				349029D5F33EFFBDDBC7F21D /* Pods_CommonFunction.framework */,
			);
			name = Frameworks;
			sourceTree = "<group>";
		};
/* End PBXGroup section */

/* Begin PBXNativeTarget section */
		0988F5602B8EF1740036EC14 /* CommonFunction */ = {
			isa = PBXNativeTarget;
			buildConfigurationList = 0988F5752B8EF1750036EC14 /* Build configuration list for PBXNativeTarget "CommonFunction" */;
			buildPhases = (
				AB4331D90A5870F99C167319 /* [CP] Check Pods Manifest.lock */,
				0988F55D2B8EF1740036EC14 /* Sources */,
				0988F55E2B8EF1740036EC14 /* Frameworks */,
				0988F55F2B8EF1740036EC14 /* Resources */,
				37C41F9526BEAF484639AF24 /* [CP] Embed Pods Frameworks */,
			);
			buildRules = (
			);
			dependencies = (
			);
			name = CommonFunction;
			productName = CommonFunction;
			productReference = 0988F5612B8EF1740036EC14 /* CommonFunction.app */;
			productType = "com.apple.product-type.application";
		};
/* End PBXNativeTarget section */

/* Begin PBXProject section */
		0988F5592B8EF1740036EC14 /* Project object */ = {
			isa = PBXProject;
			attributes = {
				BuildIndependentTargetsInParallel = 1;
				LastSwiftUpdateCheck = 1500;
				LastUpgradeCheck = 1500;
				TargetAttributes = {
					0988F5602B8EF1740036EC14 = {
						CreatedOnToolsVersion = 15.0;
					};
				};
			};
			buildConfigurationList = 0988F55C2B8EF1740036EC14 /* Build configuration list for PBXProject "CommonFunction" */;
			compatibilityVersion = "Xcode 14.0";
			developmentRegion = en;
			hasScannedForEncodings = 0;
			knownRegions = (
				en,
				Base,
			);
			mainGroup = 0988F5582B8EF1740036EC14;
			productRefGroup = 0988F5622B8EF1740036EC14 /* Products */;
			projectDirPath = "";
			projectRoot = "";
			targets = (
				0988F5602B8EF1740036EC14 /* CommonFunction */,
			);
		};
/* End PBXProject section */

/* Begin PBXResourcesBuildPhase section */
		0988F55F2B8EF1740036EC14 /* Resources */ = {
			isa = PBXResourcesBuildPhase;
			buildActionMask = 2147483647;
			files = (
				0988F5712B8EF1750036EC14 /* LaunchScreen.storyboard in Resources */,
				0988F5792B8EF2050036EC14 /* demo in Resources */,
				0988F56E2B8EF1750036EC14 /* Assets.xcassets in Resources */,
				0988F56C2B8EF1740036EC14 /* Main.storyboard in Resources */,
			);
			runOnlyForDeploymentPostprocessing = 0;
		};
/* End PBXResourcesBuildPhase section */

/* Begin PBXShellScriptBuildPhase section */
		37C41F9526BEAF484639AF24 /* [CP] Embed Pods Frameworks */ = {
			isa = PBXShellScriptBuildPhase;
			buildActionMask = 2147483647;
			files = (
			);
			inputFileListPaths = (
				"${PODS_ROOT}/Target Support Files/Pods-CommonFunction/Pods-CommonFunction-frameworks-${CONFIGURATION}-input-files.xcfilelist",
			);
			name = "[CP] Embed Pods Frameworks";
			outputFileListPaths = (
				"${PODS_ROOT}/Target Support Files/Pods-CommonFunction/Pods-CommonFunction-frameworks-${CONFIGURATION}-output-files.xcfilelist",
			);
			runOnlyForDeploymentPostprocessing = 0;
			shellPath = /bin/sh;
			shellScript = "\"${PODS_ROOT}/Target Support Files/Pods-CommonFunction/Pods-CommonFunction-frameworks.sh\"\n";
			showEnvVarsInLog = 0;
		};
		AB4331D90A5870F99C167319 /* [CP] Check Pods Manifest.lock */ = {
			isa = PBXShellScriptBuildPhase;
			buildActionMask = 2147483647;
			files = (
			);
			inputFileListPaths = (
			);
			inputPaths = (
				"${PODS_PODFILE_DIR_PATH}/Podfile.lock",
				"${PODS_ROOT}/Manifest.lock",
			);
			name = "[CP] Check Pods Manifest.lock";
			outputFileListPaths = (
			);
			outputPaths = (
				"$(DERIVED_FILE_DIR)/Pods-CommonFunction-checkManifestLockResult.txt",
			);
			runOnlyForDeploymentPostprocessing = 0;
			shellPath = /bin/sh;
			shellScript = "diff \"${PODS_PODFILE_DIR_PATH}/Podfile.lock\" \"${PODS_ROOT}/Manifest.lock\" > /dev/null\nif [ $? != 0 ] ; then\n    # print error to STDERR\n    echo \"error: The sandbox is not in sync with the Podfile.lock. Run 'pod install' or update your CocoaPods installation.\" >&2\n    exit 1\nfi\n# This output is used by Xcode 'outputs' to avoid re-running this script phase.\necho \"SUCCESS\" > \"${SCRIPT_OUTPUT_FILE_0}\"\n";
			showEnvVarsInLog = 0;
		};
/* End PBXShellScriptBuildPhase section */

/* Begin PBXSourcesBuildPhase section */
		0988F55D2B8EF1740036EC14 /* Sources */ = {
			isa = PBXSourcesBuildPhase;
			buildActionMask = 2147483647;
			files = (
				0988F5692B8EF1740036EC14 /* ViewController.swift in Sources */,
				0988F5652B8EF1740036EC14 /* AppDelegate.swift in Sources */,
				0988F57C2B8EF4AA0036EC14 /* MetaDatas.swift in Sources */,
				0988F5672B8EF1740036EC14 /* SceneDelegate.swift in Sources */,
			);
			runOnlyForDeploymentPostprocessing = 0;
		};
/* End PBXSourcesBuildPhase section */

/* Begin PBXVariantGroup section */
		0988F56A2B8EF1740036EC14 /* Main.storyboard */ = {
			isa = PBXVariantGroup;
			children = (
				0988F56B2B8EF1740036EC14 /* Base */,
			);
			name = Main.storyboard;
			sourceTree = "<group>";
		};
		0988F56F2B8EF1750036EC14 /* LaunchScreen.storyboard */ = {
			isa = PBXVariantGroup;
			children = (
				0988F5702B8EF1750036EC14 /* Base */,
			);
			name = LaunchScreen.storyboard;
			sourceTree = "<group>";
		};
/* End PBXVariantGroup section */

/* Begin XCBuildConfiguration section */
		0988F5732B8EF1750036EC14 /* Debug */ = {
			isa = XCBuildConfiguration;
			buildSettings = {
				ALWAYS_SEARCH_USER_PATHS = NO;
				ASSETCATALOG_COMPILER_GENERATE_SWIFT_ASSET_SYMBOL_EXTENSIONS = YES;
				CLANG_ANALYZER_NONNULL = YES;
				CLANG_ANALYZER_NUMBER_OBJECT_CONVERSION = YES_AGGRESSIVE;
				CLANG_CXX_LANGUAGE_STANDARD = "gnu++20";
				CLANG_ENABLE_MODULES = YES;
				CLANG_ENABLE_OBJC_ARC = YES;
				CLANG_ENABLE_OBJC_WEAK = YES;
				CLANG_WARN_BLOCK_CAPTURE_AUTORELEASING = YES;
				CLANG_WARN_BOOL_CONVERSION = YES;
				CLANG_WARN_COMMA = YES;
				CLANG_WARN_CONSTANT_CONVERSION = YES;
				CLANG_WARN_DEPRECATED_OBJC_IMPLEMENTATIONS = YES;
				CLANG_WARN_DIRECT_OBJC_ISA_USAGE = YES_ERROR;
				CLANG_WARN_DOCUMENTATION_COMMENTS = YES;
				CLANG_WARN_EMPTY_BODY = YES;
				CLANG_WARN_ENUM_CONVERSION = YES;
				CLANG_WARN_INFINITE_RECURSION = YES;
				CLANG_WARN_INT_CONVERSION = YES;
				CLANG_WARN_NON_LITERAL_NULL_CONVERSION = YES;
				CLANG_WARN_OBJC_IMPLICIT_RETAIN_SELF = YES;
				CLANG_WARN_OBJC_LITERAL_CONVERSION = YES;
				CLANG_WARN_OBJC_ROOT_CLASS = YES_ERROR;
				CLANG_WARN_QUOTED_INCLUDE_IN_FRAMEWORK_HEADER = YES;
				CLANG_WARN_RANGE_LOOP_ANALYSIS = YES;
				CLANG_WARN_STRICT_PROTOTYPES = YES;
				CLANG_WARN_SUSPICIOUS_MOVE = YES;
				CLANG_WARN_UNGUARDED_AVAILABILITY = YES_AGGRESSIVE;
				CLANG_WARN_UNREACHABLE_CODE = YES;
				CLANG_WARN__DUPLICATE_METHOD_MATCH = YES;
				COPY_PHASE_STRIP = NO;
				DEBUG_INFORMATION_FORMAT = dwarf;
				ENABLE_STRICT_OBJC_MSGSEND = YES;
				ENABLE_TESTABILITY = YES;
				ENABLE_USER_SCRIPT_SANDBOXING = YES;
				GCC_C_LANGUAGE_STANDARD = gnu17;
				GCC_DYNAMIC_NO_PIC = NO;
				GCC_NO_COMMON_BLOCKS = YES;
				GCC_OPTIMIZATION_LEVEL = 0;
				GCC_PREPROCESSOR_DEFINITIONS = (
					"DEBUG=1",
					"$(inherited)",
				);
				GCC_WARN_64_TO_32_BIT_CONVERSION = YES;
				GCC_WARN_ABOUT_RETURN_TYPE = YES_ERROR;
				GCC_WARN_UNDECLARED_SELECTOR = YES;
				GCC_WARN_UNINITIALIZED_AUTOS = YES_AGGRESSIVE;
				GCC_WARN_UNUSED_FUNCTION = YES;
				GCC_WARN_UNUSED_VARIABLE = YES;
				IPHONEOS_DEPLOYMENT_TARGET = 17.0;
				LOCALIZATION_PREFERS_STRING_CATALOGS = YES;
				MTL_ENABLE_DEBUG_INFO = INCLUDE_SOURCE;
				MTL_FAST_MATH = YES;
				ONLY_ACTIVE_ARCH = YES;
				SDKROOT = iphoneos;
				SWIFT_ACTIVE_COMPILATION_CONDITIONS = "DEBUG $(inherited)";
				SWIFT_OPTIMIZATION_LEVEL = "-Onone";
			};
			name = Debug;
		};
		0988F5742B8EF1750036EC14 /* Release */ = {
			isa = XCBuildConfiguration;
			buildSettings = {
				ALWAYS_SEARCH_USER_PATHS = NO;
				ASSETCATALOG_COMPILER_GENERATE_SWIFT_ASSET_SYMBOL_EXTENSIONS = YES;
				CLANG_ANALYZER_NONNULL = YES;
				CLANG_ANALYZER_NUMBER_OBJECT_CONVERSION = YES_AGGRESSIVE;
				CLANG_CXX_LANGUAGE_STANDARD = "gnu++20";
				CLANG_ENABLE_MODULES = YES;
				CLANG_ENABLE_OBJC_ARC = YES;
				CLANG_ENABLE_OBJC_WEAK = YES;
				CLANG_WARN_BLOCK_CAPTURE_AUTORELEASING = YES;
				CLANG_WARN_BOOL_CONVERSION = YES;
				CLANG_WARN_COMMA = YES;
				CLANG_WARN_CONSTANT_CONVERSION = YES;
				CLANG_WARN_DEPRECATED_OBJC_IMPLEMENTATIONS = YES;
				CLANG_WARN_DIRECT_OBJC_ISA_USAGE = YES_ERROR;
				CLANG_WARN_DOCUMENTATION_COMMENTS = YES;
				CLANG_WARN_EMPTY_BODY = YES;
				CLANG_WARN_ENUM_CONVERSION = YES;
				CLANG_WARN_INFINITE_RECURSION = YES;
				CLANG_WARN_INT_CONVERSION = YES;
				CLANG_WARN_NON_LITERAL_NULL_CONVERSION = YES;
				CLANG_WARN_OBJC_IMPLICIT_RETAIN_SELF = YES;
				CLANG_WARN_OBJC_LITERAL_CONVERSION = YES;
				CLANG_WARN_OBJC_ROOT_CLASS = YES_ERROR;
				CLANG_WARN_QUOTED_INCLUDE_IN_FRAMEWORK_HEADER = YES;
				CLANG_WARN_RANGE_LOOP_ANALYSIS = YES;
				CLANG_WARN_STRICT_PROTOTYPES = YES;
				CLANG_WARN_SUSPICIOUS_MOVE = YES;
				CLANG_WARN_UNGUARDED_AVAILABILITY = YES_AGGRESSIVE;
				CLANG_WARN_UNREACHABLE_CODE = YES;
				CLANG_WARN__DUPLICATE_METHOD_MATCH = YES;
				COPY_PHASE_STRIP = NO;
				DEBUG_INFORMATION_FORMAT = "dwarf-with-dsym";
				ENABLE_NS_ASSERTIONS = NO;
				ENABLE_STRICT_OBJC_MSGSEND = YES;
				ENABLE_USER_SCRIPT_SANDBOXING = YES;
				GCC_C_LANGUAGE_STANDARD = gnu17;
				GCC_NO_COMMON_BLOCKS = YES;
				GCC_WARN_64_TO_32_BIT_CONVERSION = YES;
				GCC_WARN_ABOUT_RETURN_TYPE = YES_ERROR;
				GCC_WARN_UNDECLARED_SELECTOR = YES;
				GCC_WARN_UNINITIALIZED_AUTOS = YES_AGGRESSIVE;
				GCC_WARN_UNUSED_FUNCTION = YES;
				GCC_WARN_UNUSED_VARIABLE = YES;
				IPHONEOS_DEPLOYMENT_TARGET = 17.0;
				LOCALIZATION_PREFERS_STRING_CATALOGS = YES;
				MTL_ENABLE_DEBUG_INFO = NO;
				MTL_FAST_MATH = YES;
				SDKROOT = iphoneos;
				SWIFT_COMPILATION_MODE = wholemodule;
				VALIDATE_PRODUCT = YES;
			};
			name = Release;
		};
		0988F5762B8EF1750036EC14 /* Debug */ = {
			isa = XCBuildConfiguration;
			baseConfigurationReference = CE23FCDC72EC9C67C5D5B335 /* Pods-CommonFunction.debug.xcconfig */;
			buildSettings = {
				ASSETCATALOG_COMPILER_APPICON_NAME = AppIcon;
				ASSETCATALOG_COMPILER_GLOBAL_ACCENT_COLOR_NAME = AccentColor;
				CODE_SIGN_STYLE = Automatic;
				CURRENT_PROJECT_VERSION = 1;
				DEVELOPMENT_TEAM = 85JQGU3JU9;
				ENABLE_USER_SCRIPT_SANDBOXING = NO;
				GENERATE_INFOPLIST_FILE = YES;
				INFOPLIST_FILE = CommonFunction/Info.plist;
				INFOPLIST_KEY_UIApplicationSupportsIndirectInputEvents = YES;
				INFOPLIST_KEY_UILaunchStoryboardName = LaunchScreen;
				INFOPLIST_KEY_UIMainStoryboardFile = Main;
				INFOPLIST_KEY_UISupportedInterfaceOrientations = UIInterfaceOrientationPortrait;
				INFOPLIST_KEY_UISupportedInterfaceOrientations_iPad = "UIInterfaceOrientationLandscapeLeft UIInterfaceOrientationLandscapeRight UIInterfaceOrientationPortraitUpsideDown";
				IPHONEOS_DEPLOYMENT_TARGET = 14.0;
				LD_RUNPATH_SEARCH_PATHS = (
					"$(inherited)",
					"@executable_path/Frameworks",
				);
				MARKETING_VERSION = 1.0;
				PRODUCT_BUNDLE_IDENTIFIER = com.develop.chanho.CommonFunction;
				PRODUCT_NAME = "$(TARGET_NAME)";
				SUPPORTED_PLATFORMS = "iphoneos iphonesimulator";
				SUPPORTS_MACCATALYST = NO;
				SUPPORTS_MAC_DESIGNED_FOR_IPHONE_IPAD = NO;
				SWIFT_EMIT_LOC_STRINGS = YES;
				SWIFT_VERSION = 5.0;
				TARGETED_DEVICE_FAMILY = 1;
			};
			name = Debug;
		};
		0988F5772B8EF1750036EC14 /* Release */ = {
			isa = XCBuildConfiguration;
			baseConfigurationReference = 90A8270B08D7EADDB02BA33C /* Pods-CommonFunction.release.xcconfig */;
			buildSettings = {
				ASSETCATALOG_COMPILER_APPICON_NAME = AppIcon;
				ASSETCATALOG_COMPILER_GLOBAL_ACCENT_COLOR_NAME = AccentColor;
				CODE_SIGN_STYLE = Automatic;
				CURRENT_PROJECT_VERSION = 1;
				DEVELOPMENT_TEAM = 85JQGU3JU9;
				ENABLE_USER_SCRIPT_SANDBOXING = NO;
				GENERATE_INFOPLIST_FILE = YES;
				INFOPLIST_FILE = CommonFunction/Info.plist;
				INFOPLIST_KEY_UIApplicationSupportsIndirectInputEvents = YES;
				INFOPLIST_KEY_UILaunchStoryboardName = LaunchScreen;
				INFOPLIST_KEY_UIMainStoryboardFile = Main;
				INFOPLIST_KEY_UISupportedInterfaceOrientations = UIInterfaceOrientationPortrait;
				INFOPLIST_KEY_UISupportedInterfaceOrientations_iPad = "UIInterfaceOrientationLandscapeLeft UIInterfaceOrientationLandscapeRight UIInterfaceOrientationPortraitUpsideDown";
				IPHONEOS_DEPLOYMENT_TARGET = 14.0;
				LD_RUNPATH_SEARCH_PATHS = (
					"$(inherited)",
					"@executable_path/Frameworks",
				);
				MARKETING_VERSION = 1.0;
				PRODUCT_BUNDLE_IDENTIFIER = com.develop.chanho.CommonFunction;
				PRODUCT_NAME = "$(TARGET_NAME)";
				SUPPORTED_PLATFORMS = "iphoneos iphonesimulator";
				SUPPORTS_MACCATALYST = NO;
				SUPPORTS_MAC_DESIGNED_FOR_IPHONE_IPAD = NO;
				SWIFT_EMIT_LOC_STRINGS = YES;
				SWIFT_VERSION = 5.0;
				TARGETED_DEVICE_FAMILY = 1;
			};
			name = Release;
		};
/* End XCBuildConfiguration section */

/* Begin XCConfigurationList section */
		0988F55C2B8EF1740036EC14 /* Build configuration list for PBXProject "CommonFunction" */ = {
			isa = XCConfigurationList;
			buildConfigurations = (
				0988F5732B8EF1750036EC14 /* Debug */,
				0988F5742B8EF1750036EC14 /* Release */,
			);
			defaultConfigurationIsVisible = 0;
			defaultConfigurationName = Release;
		};
		0988F5752B8EF1750036EC14 /* Build configuration list for PBXNativeTarget "CommonFunction" */ = {
			isa = XCConfigurationList;
			buildConfigurations = (
				0988F5762B8EF1750036EC14 /* Debug */,
				0988F5772B8EF1750036EC14 /* Release */,
			);
			defaultConfigurationIsVisible = 0;
			defaultConfigurationName = Release;
		};
/* End XCConfigurationList section */
	};
	rootObject = 0988F5592B8EF1740036EC14 /* Project object */;
}
